
Microsoft Visual Studio Solution File, Format Version 12.00
# Visual Studio Version 17
VisualStudioVersion = 17.8.34330.188
MinimumVisualStudioVersion = 10.0.40219.1
Project("{FAE04EC0-301F-11D3-BF4B-00C04F79EFBC}") = "RectangleTask", "RectangleTask\RectangleTask.csproj", "{27C862E5-637F-4A71-B83C-C8171247F04B}"
EndProject
Global
	GlobalSection(SolutionConfigurationPlatforms) = preSolution
		Debug|Any CPU = Debug|Any CPU
		Release|Any CPU = Release|Any CPU
	EndGlobalSection
	GlobalSection(ProjectConfigurationPlatforms) = postSolution
		{27C862E5-637F-4A71-B83C-C8171247F04B}.Debug|Any CPU.ActiveCfg = Debug|Any CPU
		{27C862E5-637F-4A71-B83C-C8171247F04B}.Debug|Any CPU.Build.0 = Debug|Any CPU
		{27C862E5-637F-4A71-B83C-C8171247F04B}.Release|Any CPU.ActiveCfg = Release|Any CPU
		{27C862E5-637F-4A71-B83C-C8171247F04B}.Release|Any CPU.Build.0 = Release|Any CPU
	EndGlobalSection
	GlobalSection(SolutionProperties) = preSolution
		HideSolutionNode = FALSE
	EndGlobalSection
	GlobalSection(ExtensibilityGlobals) = postSolution
		SolutionGuid = {F663E9C1-0C6C-473C-B6AA-5F8BCC67DB21}
	EndGlobalSection
EndGlobal
